# This file was autogenerated by Stack.
# You should not edit this file by hand.
# For more information, please see the documentation at:
#   https://docs.haskellstack.org/en/stable/lock_files

packages: []
snapshots:
- completed:
    sha256: 0045231024ce03226f53d9a77ca753726436a903c3e4750f1f79e3cb5f3cd906
    size: 636747
    url: https://raw.githubusercontent.com/commercialhaskell/stackage-snapshots/master/nightly/2022/9/22.yaml
  original: nightly-2022-09-22
